
Microsoft Visual Studio Solution File, Format Version 12.00
# Visual Studio 15
VisualStudioVersion = 15.0.27428.2037
MinimumVisualStudioVersion = 10.0.40219.1
Project("{FAE04EC0-301F-11D3-BF4B-00C04F79EFBC}") = "Idade", "Idade\Idade.csproj", "{CE33BD64-DE33-40C8-A809-E258DFCF4247}"
EndProject
Global
	GlobalSection(SolutionConfigurationPlatforms) = preSolution
		Debug|Any CPU = Debug|Any CPU
		Release|Any CPU = Release|Any CPU
	EndGlobalSection
	GlobalSection(ProjectConfigurationPlatforms) = postSolution
		{CE33BD64-DE33-40C8-A809-E258DFCF4247}.Debug|Any CPU.ActiveCfg = Debug|Any CPU
		{CE33BD64-DE33-40C8-A809-E258DFCF4247}.Debug|Any CPU.Build.0 = Debug|Any CPU
		{CE33BD64-DE33-40C8-A809-E258DFCF4247}.Release|Any CPU.ActiveCfg = Release|Any CPU
		{CE33BD64-DE33-40C8-A809-E258DFCF4247}.Release|Any CPU.Build.0 = Release|Any CPU
	EndGlobalSection
	GlobalSection(SolutionProperties) = preSolution
		HideSolutionNode = FALSE
	EndGlobalSection
	GlobalSection(ExtensibilityGlobals) = postSolution
		SolutionGuid = {D9128346-1907-493D-9AA7-827023E1BA83}
	EndGlobalSection
EndGlobal
